
Microsoft Visual Studio Solution File, Format Version 12.00
# Visual Studio Version 17
VisualStudioVersion = 17.2.32526.322
MinimumVisualStudioVersion = 10.0.40219.1
Project("{FAE04EC0-301F-11D3-BF4B-00C04F79EFBC}") = "TAKIMYONETIMITEKRAR", "TAKIMYONETIMITEKRAR\TAKIMYONETIMITEKRAR.csproj", "{53568CE1-7AB7-4D77-B4D1-5767254A186B}"
EndProject
Global
	GlobalSection(SolutionConfigurationPlatforms) = preSolution
		Debug|Any CPU = Debug|Any CPU
		Release|Any CPU = Release|Any CPU
	EndGlobalSection
	GlobalSection(ProjectConfigurationPlatforms) = postSolution
		{53568CE1-7AB7-4D77-B4D1-5767254A186B}.Debug|Any CPU.ActiveCfg = Debug|Any CPU
		{53568CE1-7AB7-4D77-B4D1-5767254A186B}.Debug|Any CPU.Build.0 = Debug|Any CPU
		{53568CE1-7AB7-4D77-B4D1-5767254A186B}.Release|Any CPU.ActiveCfg = Release|Any CPU
		{53568CE1-7AB7-4D77-B4D1-5767254A186B}.Release|Any CPU.Build.0 = Release|Any CPU
	EndGlobalSection
	GlobalSection(SolutionProperties) = preSolution
		HideSolutionNode = FALSE
	EndGlobalSection
	GlobalSection(ExtensibilityGlobals) = postSolution
		SolutionGuid = {14445F7C-078F-4F4F-8DD2-69BC64C2A38B}
	EndGlobalSection
EndGlobal
